
Microsoft Visual Studio Solution File, Format Version 12.00
# Visual Studio Version 17
VisualStudioVersion = 17.8.34330.188
MinimumVisualStudioVersion = 10.0.40219.1
Project("{FAE04EC0-301F-11D3-BF4B-00C04F79EFBC}") = "OrdinarioFinalRaul", "OrdinarioFinalRaul.csproj", "{36AD3D4A-E672-4BF4-99CA-1016CA6FB8FE}"
EndProject
Global
	GlobalSection(SolutionConfigurationPlatforms) = preSolution
		Debug|Any CPU = Debug|Any CPU
		Release|Any CPU = Release|Any CPU
	EndGlobalSection
	GlobalSection(ProjectConfigurationPlatforms) = postSolution
		{36AD3D4A-E672-4BF4-99CA-1016CA6FB8FE}.Debug|Any CPU.ActiveCfg = Debug|Any CPU
		{36AD3D4A-E672-4BF4-99CA-1016CA6FB8FE}.Debug|Any CPU.Build.0 = Debug|Any CPU
		{36AD3D4A-E672-4BF4-99CA-1016CA6FB8FE}.Release|Any CPU.ActiveCfg = Release|Any CPU
		{36AD3D4A-E672-4BF4-99CA-1016CA6FB8FE}.Release|Any CPU.Build.0 = Release|Any CPU
	EndGlobalSection
	GlobalSection(SolutionProperties) = preSolution
		HideSolutionNode = FALSE
	EndGlobalSection
	GlobalSection(ExtensibilityGlobals) = postSolution
		SolutionGuid = {92751681-8515-4BBA-8E31-8E8D53AE7D02}
	EndGlobalSection
EndGlobal
